
Microsoft Visual Studio Solution File, Format Version 12.00
# Visual Studio Version 16
VisualStudioVersion = 16.0.31729.503
MinimumVisualStudioVersion = 10.0.40219.1
Project("{2150E333-8FDC-42A3-9474-1A3956D46DE8}") = "1.Services", "1.Services", "{50294314-C73F-4ADD-BE2E-5260AD00C4AA}"
EndProject
Project("{2150E333-8FDC-42A3-9474-1A3956D46DE8}") = "4.Infra", "4.Infra", "{A19F63AF-6512-4C90-AD89-2C0C5B934D36}"
EndProject
Project("{2150E333-8FDC-42A3-9474-1A3956D46DE8}") = "5.Tests", "5.Tests", "{848103AB-8800-4899-90A3-069F8E99A424}"
EndProject
Project("{9A19103F-16F7-4668-BE54-9A1E7A4F7556}") = "API", "Src\API\API.csproj", "{28E4127C-6435-4BA2-B5C7-1B532C8639F2}"
EndProject
Project("{2150E333-8FDC-42A3-9474-1A3956D46DE8}") = "2. Application", "2. Application", "{E06F82A1-A59F-461E-BC43-B434A0546A3B}"
EndProject
Project("{2150E333-8FDC-42A3-9474-1A3956D46DE8}") = "3. Domain", "3. Domain", "{9CE2E7E7-9A4C-428B-A690-F732DC2E1224}"
EndProject
Project("{9A19103F-16F7-4668-BE54-9A1E7A4F7556}") = "OrderManagement", "Src\OrderManagement\OrderManagement.csproj", "{236F9CC8-048E-4DA9-A6B1-2A6DC1A56C4F}"
EndProject
Project("{9A19103F-16F7-4668-BE54-9A1E7A4F7556}") = "Shared", "Src\Shared\Shared.csproj", "{2018F2D8-9604-492D-809E-1951B7068D46}"
EndProject
Project("{9A19103F-16F7-4668-BE54-9A1E7A4F7556}") = "Application", "Src\Application\Application.csproj", "{93453EB6-AE73-4C69-B9A7-15DFFF427993}"
EndProject
Project("{9A19103F-16F7-4668-BE54-9A1E7A4F7556}") = "Data", "Src\Data\Data.csproj", "{6A6D5DFE-DD41-4378-BFCE-44F4C8587FB5}"
EndProject
Global
	GlobalSection(SolutionConfigurationPlatforms) = preSolution
		Debug|Any CPU = Debug|Any CPU
		Release|Any CPU = Release|Any CPU
	EndGlobalSection
	GlobalSection(ProjectConfigurationPlatforms) = postSolution
		{28E4127C-6435-4BA2-B5C7-1B532C8639F2}.Debug|Any CPU.ActiveCfg = Debug|Any CPU
		{28E4127C-6435-4BA2-B5C7-1B532C8639F2}.Debug|Any CPU.Build.0 = Debug|Any CPU
		{28E4127C-6435-4BA2-B5C7-1B532C8639F2}.Release|Any CPU.ActiveCfg = Release|Any CPU
		{28E4127C-6435-4BA2-B5C7-1B532C8639F2}.Release|Any CPU.Build.0 = Release|Any CPU
		{236F9CC8-048E-4DA9-A6B1-2A6DC1A56C4F}.Debug|Any CPU.ActiveCfg = Debug|Any CPU
		{236F9CC8-048E-4DA9-A6B1-2A6DC1A56C4F}.Debug|Any CPU.Build.0 = Debug|Any CPU
		{236F9CC8-048E-4DA9-A6B1-2A6DC1A56C4F}.Release|Any CPU.ActiveCfg = Release|Any CPU
		{236F9CC8-048E-4DA9-A6B1-2A6DC1A56C4F}.Release|Any CPU.Build.0 = Release|Any CPU
		{2018F2D8-9604-492D-809E-1951B7068D46}.Debug|Any CPU.ActiveCfg = Debug|Any CPU
		{2018F2D8-9604-492D-809E-1951B7068D46}.Debug|Any CPU.Build.0 = Debug|Any CPU
		{2018F2D8-9604-492D-809E-1951B7068D46}.Release|Any CPU.ActiveCfg = Release|Any CPU
		{2018F2D8-9604-492D-809E-1951B7068D46}.Release|Any CPU.Build.0 = Release|Any CPU
		{93453EB6-AE73-4C69-B9A7-15DFFF427993}.Debug|Any CPU.ActiveCfg = Debug|Any CPU
		{93453EB6-AE73-4C69-B9A7-15DFFF427993}.Debug|Any CPU.Build.0 = Debug|Any CPU
		{93453EB6-AE73-4C69-B9A7-15DFFF427993}.Release|Any CPU.ActiveCfg = Release|Any CPU
		{93453EB6-AE73-4C69-B9A7-15DFFF427993}.Release|Any CPU.Build.0 = Release|Any CPU
		{6A6D5DFE-DD41-4378-BFCE-44F4C8587FB5}.Debug|Any CPU.ActiveCfg = Debug|Any CPU
		{6A6D5DFE-DD41-4378-BFCE-44F4C8587FB5}.Debug|Any CPU.Build.0 = Debug|Any CPU
		{6A6D5DFE-DD41-4378-BFCE-44F4C8587FB5}.Release|Any CPU.ActiveCfg = Release|Any CPU
		{6A6D5DFE-DD41-4378-BFCE-44F4C8587FB5}.Release|Any CPU.Build.0 = Release|Any CPU
	EndGlobalSection
	GlobalSection(SolutionProperties) = preSolution
		HideSolutionNode = FALSE
	EndGlobalSection
	GlobalSection(NestedProjects) = preSolution
		{28E4127C-6435-4BA2-B5C7-1B532C8639F2} = {50294314-C73F-4ADD-BE2E-5260AD00C4AA}
		{236F9CC8-048E-4DA9-A6B1-2A6DC1A56C4F} = {9CE2E7E7-9A4C-428B-A690-F732DC2E1224}
		{2018F2D8-9604-492D-809E-1951B7068D46} = {9CE2E7E7-9A4C-428B-A690-F732DC2E1224}
		{93453EB6-AE73-4C69-B9A7-15DFFF427993} = {E06F82A1-A59F-461E-BC43-B434A0546A3B}
		{6A6D5DFE-DD41-4378-BFCE-44F4C8587FB5} = {A19F63AF-6512-4C90-AD89-2C0C5B934D36}
	EndGlobalSection
	GlobalSection(ExtensibilityGlobals) = postSolution
		SolutionGuid = {46E0211D-C4B4-4149-85BE-CD3A08868DD5}
	EndGlobalSection
EndGlobal
